
Microsoft Visual Studio Solution File, Format Version 12.00
# Visual Studio Version 17
VisualStudioVersion = 17.8.34309.116
MinimumVisualStudioVersion = 10.0.40219.1
Project("{FAE04EC0-301F-11D3-BF4B-00C04F79EFBC}") = "DairyFarm", "WebApplication1\DairyFarm.csproj", "{6AFB36EF-607E-43F4-BCC9-3053B34C9F31}"
EndProject
Global
	GlobalSection(SolutionConfigurationPlatforms) = preSolution
		Debug|Any CPU = Debug|Any CPU
		Release|Any CPU = Release|Any CPU
	EndGlobalSection
	GlobalSection(ProjectConfigurationPlatforms) = postSolution
		{6AFB36EF-607E-43F4-BCC9-3053B34C9F31}.Debug|Any CPU.ActiveCfg = Debug|Any CPU
		{6AFB36EF-607E-43F4-BCC9-3053B34C9F31}.Debug|Any CPU.Build.0 = Debug|Any CPU
		{6AFB36EF-607E-43F4-BCC9-3053B34C9F31}.Release|Any CPU.ActiveCfg = Release|Any CPU
		{6AFB36EF-607E-43F4-BCC9-3053B34C9F31}.Release|Any CPU.Build.0 = Release|Any CPU
	EndGlobalSection
	GlobalSection(SolutionProperties) = preSolution
		HideSolutionNode = FALSE
	EndGlobalSection
	GlobalSection(ExtensibilityGlobals) = postSolution
		SolutionGuid = {527E63D5-4BDA-491E-B12E-F5DCDFBDA7BE}
	EndGlobalSection
EndGlobal
